
Microsoft Visual Studio Solution File, Format Version 12.00
# Visual Studio 15
VisualStudioVersion = 15.0.27703.2035
MinimumVisualStudioVersion = 10.0.40219.1
Project("{FAE04EC0-301F-11D3-BF4B-00C04F79EFBC}") = "Sponge", "Sponge\Sponge.csproj", "{DBD26F1C-2BB5-4C17-9993-0AB115FE683B}"
EndProject
Project("{FAE04EC0-301F-11D3-BF4B-00C04F79EFBC}") = "Utils", "Utils\Utils.csproj", "{BD4C09CA-D85A-45FB-83F2-DCAC6984418F}"
EndProject
Project("{F2A71F9B-5D33-465A-A702-920D77279786}") = "FS", "FS\FS.fsproj", "{FE629184-8F07-4F2C-B1BC-F0CCC3982D1F}"
EndProject
Project("{9A19103F-16F7-4668-BE54-9A1E7A4F7556}") = "Cublas.Net", "Cublas\Cublas.Net\Cublas.Net.csproj", "{3514DBB4-F91A-4591-9037-DE2D5B470641}"
EndProject
Project("{8BC9CEB8-8B4A-11D0-8D11-00A0C91BC942}") = "CuArray.Clr", "CuArray\CuArray.Clr\CuArray.Clr.vcxproj", "{3C5CF029-D4A7-4561-8801-249A4AF1E481}"
EndProject
Project("{8BC9CEB8-8B4A-11D0-8D11-00A0C91BC942}") = "Cublas.Clr", "Cublas\Cublas.Clr\Cublas.Clr.vcxproj", "{1DD0FFF3-AE1B-46B9-9AFA-AF2D882FDABE}"
EndProject
Project("{8BC9CEB8-8B4A-11D0-8D11-00A0C91BC942}") = "GridProcs", "GridProcs\GridProcs\GridProcs.vcxproj", "{1299612C-897B-4508-8870-914B49991044}"
EndProject
Project("{8BC9CEB8-8B4A-11D0-8D11-00A0C91BC942}") = "GridProcs.Clr", "GridProcs\GridProcs.Clr\GridProcs.Clr.vcxproj", "{9EAB1722-29D0-42D8-B878-4DE7007A5A10}"
EndProject
Project("{8BC9CEB8-8B4A-11D0-8D11-00A0C91BC942}") = "Rando", "Rando\Rando\Rando.vcxproj", "{8DFEA144-D1EA-4158-A37B-F60007D89A77}"
EndProject
Project("{8BC9CEB8-8B4A-11D0-8D11-00A0C91BC942}") = "Rando.Clr", "Rando\Rando.Clr\Rando.Clr.vcxproj", "{04FECFFB-E742-4F81-AD84-747220ABD9FF}"
EndProject
Project("{8BC9CEB8-8B4A-11D0-8D11-00A0C91BC942}") = "CuArray", "CuArray\CuArray\CuArray.vcxproj", "{11CAE429-237A-4743-91D9-544F2F31D9A1}"
EndProject
Project("{8BC9CEB8-8B4A-11D0-8D11-00A0C91BC942}") = "Cublas", "Cublas\Cublas\Cublas.vcxproj", "{4A487B80-A28C-4884-827B-90B1724DF305}"
EndProject
Global
	GlobalSection(SolutionConfigurationPlatforms) = preSolution
		Debug|Any CPU = Debug|Any CPU
		Debug|x64 = Debug|x64
		Debug|x86 = Debug|x86
		Hyb|Any CPU = Hyb|Any CPU
		Hyb|x64 = Hyb|x64
		Hyb|x86 = Hyb|x86
		Release|Any CPU = Release|Any CPU
		Release|x64 = Release|x64
		Release|x86 = Release|x86
	EndGlobalSection
	GlobalSection(ProjectConfigurationPlatforms) = postSolution
		{DBD26F1C-2BB5-4C17-9993-0AB115FE683B}.Debug|Any CPU.ActiveCfg = Debug|x64
		{DBD26F1C-2BB5-4C17-9993-0AB115FE683B}.Debug|Any CPU.Build.0 = Debug|x64
		{DBD26F1C-2BB5-4C17-9993-0AB115FE683B}.Debug|x64.ActiveCfg = Debug|x64
		{DBD26F1C-2BB5-4C17-9993-0AB115FE683B}.Debug|x64.Build.0 = Debug|x64
		{DBD26F1C-2BB5-4C17-9993-0AB115FE683B}.Debug|x86.ActiveCfg = Debug|Any CPU
		{DBD26F1C-2BB5-4C17-9993-0AB115FE683B}.Debug|x86.Build.0 = Debug|Any CPU
		{DBD26F1C-2BB5-4C17-9993-0AB115FE683B}.Hyb|Any CPU.ActiveCfg = Hyb|Any CPU
		{DBD26F1C-2BB5-4C17-9993-0AB115FE683B}.Hyb|Any CPU.Build.0 = Hyb|Any CPU
		{DBD26F1C-2BB5-4C17-9993-0AB115FE683B}.Hyb|x64.ActiveCfg = Hyb|x64
		{DBD26F1C-2BB5-4C17-9993-0AB115FE683B}.Hyb|x64.Build.0 = Hyb|x64
		{DBD26F1C-2BB5-4C17-9993-0AB115FE683B}.Hyb|x86.ActiveCfg = Hyb|Any CPU
		{DBD26F1C-2BB5-4C17-9993-0AB115FE683B}.Hyb|x86.Build.0 = Hyb|Any CPU
		{DBD26F1C-2BB5-4C17-9993-0AB115FE683B}.Release|Any CPU.ActiveCfg = Release|Any CPU
		{DBD26F1C-2BB5-4C17-9993-0AB115FE683B}.Release|Any CPU.Build.0 = Release|Any CPU
		{DBD26F1C-2BB5-4C17-9993-0AB115FE683B}.Release|x64.ActiveCfg = Release|x64
		{DBD26F1C-2BB5-4C17-9993-0AB115FE683B}.Release|x64.Build.0 = Release|x64
		{DBD26F1C-2BB5-4C17-9993-0AB115FE683B}.Release|x86.ActiveCfg = Release|Any CPU
		{DBD26F1C-2BB5-4C17-9993-0AB115FE683B}.Release|x86.Build.0 = Release|Any CPU
		{BD4C09CA-D85A-45FB-83F2-DCAC6984418F}.Debug|Any CPU.ActiveCfg = Debug|x64
		{BD4C09CA-D85A-45FB-83F2-DCAC6984418F}.Debug|Any CPU.Build.0 = Debug|x64
		{BD4C09CA-D85A-45FB-83F2-DCAC6984418F}.Debug|x64.ActiveCfg = Debug|x64
		{BD4C09CA-D85A-45FB-83F2-DCAC6984418F}.Debug|x64.Build.0 = Debug|x64
		{BD4C09CA-D85A-45FB-83F2-DCAC6984418F}.Debug|x86.ActiveCfg = Debug|Any CPU
		{BD4C09CA-D85A-45FB-83F2-DCAC6984418F}.Debug|x86.Build.0 = Debug|Any CPU
		{BD4C09CA-D85A-45FB-83F2-DCAC6984418F}.Hyb|Any CPU.ActiveCfg = Release|Any CPU
		{BD4C09CA-D85A-45FB-83F2-DCAC6984418F}.Hyb|Any CPU.Build.0 = Release|Any CPU
		{BD4C09CA-D85A-45FB-83F2-DCAC6984418F}.Hyb|x64.ActiveCfg = Release|x64
		{BD4C09CA-D85A-45FB-83F2-DCAC6984418F}.Hyb|x64.Build.0 = Release|x64
		{BD4C09CA-D85A-45FB-83F2-DCAC6984418F}.Hyb|x86.ActiveCfg = Release|Any CPU
		{BD4C09CA-D85A-45FB-83F2-DCAC6984418F}.Hyb|x86.Build.0 = Release|Any CPU
		{BD4C09CA-D85A-45FB-83F2-DCAC6984418F}.Release|Any CPU.ActiveCfg = Release|Any CPU
		{BD4C09CA-D85A-45FB-83F2-DCAC6984418F}.Release|Any CPU.Build.0 = Release|Any CPU
		{BD4C09CA-D85A-45FB-83F2-DCAC6984418F}.Release|x64.ActiveCfg = Release|x64
		{BD4C09CA-D85A-45FB-83F2-DCAC6984418F}.Release|x64.Build.0 = Release|x64
		{BD4C09CA-D85A-45FB-83F2-DCAC6984418F}.Release|x86.ActiveCfg = Release|Any CPU
		{BD4C09CA-D85A-45FB-83F2-DCAC6984418F}.Release|x86.Build.0 = Release|Any CPU
		{FE629184-8F07-4F2C-B1BC-F0CCC3982D1F}.Debug|Any CPU.ActiveCfg = Debug|x64
		{FE629184-8F07-4F2C-B1BC-F0CCC3982D1F}.Debug|Any CPU.Build.0 = Debug|x64
		{FE629184-8F07-4F2C-B1BC-F0CCC3982D1F}.Debug|x64.ActiveCfg = Debug|x64
		{FE629184-8F07-4F2C-B1BC-F0CCC3982D1F}.Debug|x64.Build.0 = Debug|x64
		{FE629184-8F07-4F2C-B1BC-F0CCC3982D1F}.Debug|x86.ActiveCfg = Debug|Any CPU
		{FE629184-8F07-4F2C-B1BC-F0CCC3982D1F}.Debug|x86.Build.0 = Debug|Any CPU
		{FE629184-8F07-4F2C-B1BC-F0CCC3982D1F}.Hyb|Any CPU.ActiveCfg = Release|Any CPU
		{FE629184-8F07-4F2C-B1BC-F0CCC3982D1F}.Hyb|Any CPU.Build.0 = Release|Any CPU
		{FE629184-8F07-4F2C-B1BC-F0CCC3982D1F}.Hyb|x64.ActiveCfg = Release|x64
		{FE629184-8F07-4F2C-B1BC-F0CCC3982D1F}.Hyb|x64.Build.0 = Release|x64
		{FE629184-8F07-4F2C-B1BC-F0CCC3982D1F}.Hyb|x86.ActiveCfg = Release|Any CPU
		{FE629184-8F07-4F2C-B1BC-F0CCC3982D1F}.Hyb|x86.Build.0 = Release|Any CPU
		{FE629184-8F07-4F2C-B1BC-F0CCC3982D1F}.Release|Any CPU.ActiveCfg = Release|Any CPU
		{FE629184-8F07-4F2C-B1BC-F0CCC3982D1F}.Release|Any CPU.Build.0 = Release|Any CPU
		{FE629184-8F07-4F2C-B1BC-F0CCC3982D1F}.Release|x64.ActiveCfg = Release|x64
		{FE629184-8F07-4F2C-B1BC-F0CCC3982D1F}.Release|x64.Build.0 = Release|x64
		{FE629184-8F07-4F2C-B1BC-F0CCC3982D1F}.Release|x86.ActiveCfg = Release|Any CPU
		{FE629184-8F07-4F2C-B1BC-F0CCC3982D1F}.Release|x86.Build.0 = Release|Any CPU
		{3514DBB4-F91A-4591-9037-DE2D5B470641}.Debug|Any CPU.ActiveCfg = Debug|x64
		{3514DBB4-F91A-4591-9037-DE2D5B470641}.Debug|Any CPU.Build.0 = Debug|x64
		{3514DBB4-F91A-4591-9037-DE2D5B470641}.Debug|x64.ActiveCfg = Debug|x64
		{3514DBB4-F91A-4591-9037-DE2D5B470641}.Debug|x64.Build.0 = Debug|x64
		{3514DBB4-F91A-4591-9037-DE2D5B470641}.Debug|x86.ActiveCfg = Debug|Any CPU
		{3514DBB4-F91A-4591-9037-DE2D5B470641}.Debug|x86.Build.0 = Debug|Any CPU
		{3514DBB4-F91A-4591-9037-DE2D5B470641}.Hyb|Any CPU.ActiveCfg = Debug|Any CPU
		{3514DBB4-F91A-4591-9037-DE2D5B470641}.Hyb|Any CPU.Build.0 = Debug|Any CPU
		{3514DBB4-F91A-4591-9037-DE2D5B470641}.Hyb|x64.ActiveCfg = Debug|Any CPU
		{3514DBB4-F91A-4591-9037-DE2D5B470641}.Hyb|x64.Build.0 = Debug|Any CPU
		{3514DBB4-F91A-4591-9037-DE2D5B470641}.Hyb|x86.ActiveCfg = Debug|Any CPU
		{3514DBB4-F91A-4591-9037-DE2D5B470641}.Hyb|x86.Build.0 = Debug|Any CPU
		{3514DBB4-F91A-4591-9037-DE2D5B470641}.Release|Any CPU.ActiveCfg = Release|Any CPU
		{3514DBB4-F91A-4591-9037-DE2D5B470641}.Release|Any CPU.Build.0 = Release|Any CPU
		{3514DBB4-F91A-4591-9037-DE2D5B470641}.Release|x64.ActiveCfg = Release|x64
		{3514DBB4-F91A-4591-9037-DE2D5B470641}.Release|x64.Build.0 = Release|x64
		{3514DBB4-F91A-4591-9037-DE2D5B470641}.Release|x86.ActiveCfg = Release|Any CPU
		{3514DBB4-F91A-4591-9037-DE2D5B470641}.Release|x86.Build.0 = Release|Any CPU
		{3C5CF029-D4A7-4561-8801-249A4AF1E481}.Debug|Any CPU.ActiveCfg = Debug|x64
		{3C5CF029-D4A7-4561-8801-249A4AF1E481}.Debug|x64.ActiveCfg = Debug|x64
		{3C5CF029-D4A7-4561-8801-249A4AF1E481}.Debug|x64.Build.0 = Debug|x64
		{3C5CF029-D4A7-4561-8801-249A4AF1E481}.Debug|x86.ActiveCfg = Debug|Win32
		{3C5CF029-D4A7-4561-8801-249A4AF1E481}.Debug|x86.Build.0 = Debug|Win32
		{3C5CF029-D4A7-4561-8801-249A4AF1E481}.Hyb|Any CPU.ActiveCfg = Release|x64
		{3C5CF029-D4A7-4561-8801-249A4AF1E481}.Hyb|Any CPU.Build.0 = Release|x64
		{3C5CF029-D4A7-4561-8801-249A4AF1E481}.Hyb|x64.ActiveCfg = Release|x64
		{3C5CF029-D4A7-4561-8801-249A4AF1E481}.Hyb|x64.Build.0 = Release|x64
		{3C5CF029-D4A7-4561-8801-249A4AF1E481}.Hyb|x86.ActiveCfg = Release|Win32
		{3C5CF029-D4A7-4561-8801-249A4AF1E481}.Hyb|x86.Build.0 = Release|Win32
		{3C5CF029-D4A7-4561-8801-249A4AF1E481}.Release|Any CPU.ActiveCfg = Release|Win32
		{3C5CF029-D4A7-4561-8801-249A4AF1E481}.Release|x64.ActiveCfg = Release|x64
		{3C5CF029-D4A7-4561-8801-249A4AF1E481}.Release|x64.Build.0 = Release|x64
		{3C5CF029-D4A7-4561-8801-249A4AF1E481}.Release|x86.ActiveCfg = Release|Win32
		{3C5CF029-D4A7-4561-8801-249A4AF1E481}.Release|x86.Build.0 = Release|Win32
		{1DD0FFF3-AE1B-46B9-9AFA-AF2D882FDABE}.Debug|Any CPU.ActiveCfg = Debug|Win32
		{1DD0FFF3-AE1B-46B9-9AFA-AF2D882FDABE}.Debug|x64.ActiveCfg = Debug|x64
		{1DD0FFF3-AE1B-46B9-9AFA-AF2D882FDABE}.Debug|x64.Build.0 = Debug|x64
		{1DD0FFF3-AE1B-46B9-9AFA-AF2D882FDABE}.Debug|x86.ActiveCfg = Debug|Win32
		{1DD0FFF3-AE1B-46B9-9AFA-AF2D882FDABE}.Debug|x86.Build.0 = Debug|Win32
		{1DD0FFF3-AE1B-46B9-9AFA-AF2D882FDABE}.Hyb|Any CPU.ActiveCfg = Release|x64
		{1DD0FFF3-AE1B-46B9-9AFA-AF2D882FDABE}.Hyb|Any CPU.Build.0 = Release|x64
		{1DD0FFF3-AE1B-46B9-9AFA-AF2D882FDABE}.Hyb|x64.ActiveCfg = Release|x64
		{1DD0FFF3-AE1B-46B9-9AFA-AF2D882FDABE}.Hyb|x64.Build.0 = Release|x64
		{1DD0FFF3-AE1B-46B9-9AFA-AF2D882FDABE}.Hyb|x86.ActiveCfg = Release|Win32
		{1DD0FFF3-AE1B-46B9-9AFA-AF2D882FDABE}.Hyb|x86.Build.0 = Release|Win32
		{1DD0FFF3-AE1B-46B9-9AFA-AF2D882FDABE}.Release|Any CPU.ActiveCfg = Release|Win32
		{1DD0FFF3-AE1B-46B9-9AFA-AF2D882FDABE}.Release|x64.ActiveCfg = Release|x64
		{1DD0FFF3-AE1B-46B9-9AFA-AF2D882FDABE}.Release|x64.Build.0 = Release|x64
		{1DD0FFF3-AE1B-46B9-9AFA-AF2D882FDABE}.Release|x86.ActiveCfg = Release|Win32
		{1DD0FFF3-AE1B-46B9-9AFA-AF2D882FDABE}.Release|x86.Build.0 = Release|Win32
		{1299612C-897B-4508-8870-914B49991044}.Debug|Any CPU.ActiveCfg = Debug|x64
		{1299612C-897B-4508-8870-914B49991044}.Debug|x64.ActiveCfg = Debug|x64
		{1299612C-897B-4508-8870-914B49991044}.Debug|x64.Build.0 = Debug|x64
		{1299612C-897B-4508-8870-914B49991044}.Debug|x86.ActiveCfg = Debug|x64
		{1299612C-897B-4508-8870-914B49991044}.Hyb|Any CPU.ActiveCfg = Release|x64
		{1299612C-897B-4508-8870-914B49991044}.Hyb|Any CPU.Build.0 = Release|x64
		{1299612C-897B-4508-8870-914B49991044}.Hyb|x64.ActiveCfg = Release|x64
		{1299612C-897B-4508-8870-914B49991044}.Hyb|x64.Build.0 = Release|x64
		{1299612C-897B-4508-8870-914B49991044}.Hyb|x86.ActiveCfg = Release|x64
		{1299612C-897B-4508-8870-914B49991044}.Hyb|x86.Build.0 = Release|x64
		{1299612C-897B-4508-8870-914B49991044}.Release|Any CPU.ActiveCfg = Release|x64
		{1299612C-897B-4508-8870-914B49991044}.Release|x64.ActiveCfg = Release|x64
		{1299612C-897B-4508-8870-914B49991044}.Release|x64.Build.0 = Release|x64
		{1299612C-897B-4508-8870-914B49991044}.Release|x86.ActiveCfg = Release|x64
		{9EAB1722-29D0-42D8-B878-4DE7007A5A10}.Debug|Any CPU.ActiveCfg = Debug|Win32
		{9EAB1722-29D0-42D8-B878-4DE7007A5A10}.Debug|x64.ActiveCfg = Debug|x64
		{9EAB1722-29D0-42D8-B878-4DE7007A5A10}.Debug|x64.Build.0 = Debug|x64
		{9EAB1722-29D0-42D8-B878-4DE7007A5A10}.Debug|x86.ActiveCfg = Debug|Win32
		{9EAB1722-29D0-42D8-B878-4DE7007A5A10}.Debug|x86.Build.0 = Debug|Win32
		{9EAB1722-29D0-42D8-B878-4DE7007A5A10}.Hyb|Any CPU.ActiveCfg = Release|x64
		{9EAB1722-29D0-42D8-B878-4DE7007A5A10}.Hyb|Any CPU.Build.0 = Release|x64
		{9EAB1722-29D0-42D8-B878-4DE7007A5A10}.Hyb|x64.ActiveCfg = Release|x64
		{9EAB1722-29D0-42D8-B878-4DE7007A5A10}.Hyb|x64.Build.0 = Release|x64
		{9EAB1722-29D0-42D8-B878-4DE7007A5A10}.Hyb|x86.ActiveCfg = Release|Win32
		{9EAB1722-29D0-42D8-B878-4DE7007A5A10}.Hyb|x86.Build.0 = Release|Win32
		{9EAB1722-29D0-42D8-B878-4DE7007A5A10}.Release|Any CPU.ActiveCfg = Release|Win32
		{9EAB1722-29D0-42D8-B878-4DE7007A5A10}.Release|x64.ActiveCfg = Release|x64
		{9EAB1722-29D0-42D8-B878-4DE7007A5A10}.Release|x64.Build.0 = Release|x64
		{9EAB1722-29D0-42D8-B878-4DE7007A5A10}.Release|x86.ActiveCfg = Release|Win32
		{9EAB1722-29D0-42D8-B878-4DE7007A5A10}.Release|x86.Build.0 = Release|Win32
		{8DFEA144-D1EA-4158-A37B-F60007D89A77}.Debug|Any CPU.ActiveCfg = Debug|x64
		{8DFEA144-D1EA-4158-A37B-F60007D89A77}.Debug|x64.ActiveCfg = Debug|x64
		{8DFEA144-D1EA-4158-A37B-F60007D89A77}.Debug|x64.Build.0 = Debug|x64
		{8DFEA144-D1EA-4158-A37B-F60007D89A77}.Debug|x86.ActiveCfg = Debug|x64
		{8DFEA144-D1EA-4158-A37B-F60007D89A77}.Hyb|Any CPU.ActiveCfg = Release|x64
		{8DFEA144-D1EA-4158-A37B-F60007D89A77}.Hyb|Any CPU.Build.0 = Release|x64
		{8DFEA144-D1EA-4158-A37B-F60007D89A77}.Hyb|x64.ActiveCfg = Release|x64
		{8DFEA144-D1EA-4158-A37B-F60007D89A77}.Hyb|x64.Build.0 = Release|x64
		{8DFEA144-D1EA-4158-A37B-F60007D89A77}.Hyb|x86.ActiveCfg = Release|x64
		{8DFEA144-D1EA-4158-A37B-F60007D89A77}.Hyb|x86.Build.0 = Release|x64
		{8DFEA144-D1EA-4158-A37B-F60007D89A77}.Release|Any CPU.ActiveCfg = Release|x64
		{8DFEA144-D1EA-4158-A37B-F60007D89A77}.Release|x64.ActiveCfg = Release|x64
		{8DFEA144-D1EA-4158-A37B-F60007D89A77}.Release|x64.Build.0 = Release|x64
		{8DFEA144-D1EA-4158-A37B-F60007D89A77}.Release|x86.ActiveCfg = Release|x64
		{04FECFFB-E742-4F81-AD84-747220ABD9FF}.Debug|Any CPU.ActiveCfg = Debug|Win32
		{04FECFFB-E742-4F81-AD84-747220ABD9FF}.Debug|x64.ActiveCfg = Debug|x64
		{04FECFFB-E742-4F81-AD84-747220ABD9FF}.Debug|x64.Build.0 = Debug|x64
		{04FECFFB-E742-4F81-AD84-747220ABD9FF}.Debug|x86.ActiveCfg = Debug|Win32
		{04FECFFB-E742-4F81-AD84-747220ABD9FF}.Debug|x86.Build.0 = Debug|Win32
		{04FECFFB-E742-4F81-AD84-747220ABD9FF}.Hyb|Any CPU.ActiveCfg = Release|x64
		{04FECFFB-E742-4F81-AD84-747220ABD9FF}.Hyb|Any CPU.Build.0 = Release|x64
		{04FECFFB-E742-4F81-AD84-747220ABD9FF}.Hyb|x64.ActiveCfg = Release|x64
		{04FECFFB-E742-4F81-AD84-747220ABD9FF}.Hyb|x64.Build.0 = Release|x64
		{04FECFFB-E742-4F81-AD84-747220ABD9FF}.Hyb|x86.ActiveCfg = Release|Win32
		{04FECFFB-E742-4F81-AD84-747220ABD9FF}.Hyb|x86.Build.0 = Release|Win32
		{04FECFFB-E742-4F81-AD84-747220ABD9FF}.Release|Any CPU.ActiveCfg = Release|Win32
		{04FECFFB-E742-4F81-AD84-747220ABD9FF}.Release|x64.ActiveCfg = Release|x64
		{04FECFFB-E742-4F81-AD84-747220ABD9FF}.Release|x64.Build.0 = Release|x64
		{04FECFFB-E742-4F81-AD84-747220ABD9FF}.Release|x86.ActiveCfg = Release|Win32
		{04FECFFB-E742-4F81-AD84-747220ABD9FF}.Release|x86.Build.0 = Release|Win32
		{11CAE429-237A-4743-91D9-544F2F31D9A1}.Debug|Any CPU.ActiveCfg = Debug|x64
		{11CAE429-237A-4743-91D9-544F2F31D9A1}.Debug|x64.ActiveCfg = Debug|x64
		{11CAE429-237A-4743-91D9-544F2F31D9A1}.Debug|x64.Build.0 = Debug|x64
		{11CAE429-237A-4743-91D9-544F2F31D9A1}.Debug|x86.ActiveCfg = Debug|x64
		{11CAE429-237A-4743-91D9-544F2F31D9A1}.Hyb|Any CPU.ActiveCfg = Release|x64
		{11CAE429-237A-4743-91D9-544F2F31D9A1}.Hyb|Any CPU.Build.0 = Release|x64
		{11CAE429-237A-4743-91D9-544F2F31D9A1}.Hyb|x64.ActiveCfg = Release|x64
		{11CAE429-237A-4743-91D9-544F2F31D9A1}.Hyb|x64.Build.0 = Release|x64
		{11CAE429-237A-4743-91D9-544F2F31D9A1}.Hyb|x86.ActiveCfg = Release|x64
		{11CAE429-237A-4743-91D9-544F2F31D9A1}.Hyb|x86.Build.0 = Release|x64
		{11CAE429-237A-4743-91D9-544F2F31D9A1}.Release|Any CPU.ActiveCfg = Release|x64
		{11CAE429-237A-4743-91D9-544F2F31D9A1}.Release|x64.ActiveCfg = Release|x64
		{11CAE429-237A-4743-91D9-544F2F31D9A1}.Release|x64.Build.0 = Release|x64
		{11CAE429-237A-4743-91D9-544F2F31D9A1}.Release|x86.ActiveCfg = Release|x64
		{4A487B80-A28C-4884-827B-90B1724DF305}.Debug|Any CPU.ActiveCfg = Debug|x64
		{4A487B80-A28C-4884-827B-90B1724DF305}.Debug|x64.ActiveCfg = Debug|x64
		{4A487B80-A28C-4884-827B-90B1724DF305}.Debug|x64.Build.0 = Debug|x64
		{4A487B80-A28C-4884-827B-90B1724DF305}.Debug|x86.ActiveCfg = Debug|x64
		{4A487B80-A28C-4884-827B-90B1724DF305}.Hyb|Any CPU.ActiveCfg = Release|x64
		{4A487B80-A28C-4884-827B-90B1724DF305}.Hyb|Any CPU.Build.0 = Release|x64
		{4A487B80-A28C-4884-827B-90B1724DF305}.Hyb|x64.ActiveCfg = Release|x64
		{4A487B80-A28C-4884-827B-90B1724DF305}.Hyb|x64.Build.0 = Release|x64
		{4A487B80-A28C-4884-827B-90B1724DF305}.Hyb|x86.ActiveCfg = Release|x64
		{4A487B80-A28C-4884-827B-90B1724DF305}.Hyb|x86.Build.0 = Release|x64
		{4A487B80-A28C-4884-827B-90B1724DF305}.Release|Any CPU.ActiveCfg = Release|x64
		{4A487B80-A28C-4884-827B-90B1724DF305}.Release|x64.ActiveCfg = Release|x64
		{4A487B80-A28C-4884-827B-90B1724DF305}.Release|x64.Build.0 = Release|x64
		{4A487B80-A28C-4884-827B-90B1724DF305}.Release|x86.ActiveCfg = Release|x64
	EndGlobalSection
	GlobalSection(SolutionProperties) = preSolution
		HideSolutionNode = FALSE
	EndGlobalSection
	GlobalSection(ExtensibilityGlobals) = postSolution
		SolutionGuid = {BFB0CFFF-C329-435A-A0A7-0140F67854A4}
	EndGlobalSection
EndGlobal
