
Microsoft Visual Studio Solution File, Format Version 12.00
# Visual Studio 15
VisualStudioVersion = 15.0.27703.2035
MinimumVisualStudioVersion = 10.0.40219.1
Project("{FAE04EC0-301F-11D3-BF4B-00C04F79EFBC}") = "SpongeTester", "SpongeTester\SpongeTester.csproj", "{F7E2977F-9539-493F-98C6-CCDDF5D2E2B6}"
EndProject
Project("{FAE04EC0-301F-11D3-BF4B-00C04F79EFBC}") = "Utils", "..\Utils\Utils.csproj", "{BD4C09CA-D85A-45FB-83F2-DCAC6984418F}"
EndProject
Global
	GlobalSection(SolutionConfigurationPlatforms) = preSolution
		Debug|Any CPU = Debug|Any CPU
		Debug|x64 = Debug|x64
		Release|Any CPU = Release|Any CPU
		Release|x64 = Release|x64
	EndGlobalSection
	GlobalSection(ProjectConfigurationPlatforms) = postSolution
		{F7E2977F-9539-493F-98C6-CCDDF5D2E2B6}.Debug|Any CPU.ActiveCfg = Debug|Any CPU
		{F7E2977F-9539-493F-98C6-CCDDF5D2E2B6}.Debug|Any CPU.Build.0 = Debug|Any CPU
		{F7E2977F-9539-493F-98C6-CCDDF5D2E2B6}.Debug|x64.ActiveCfg = Debug|Any CPU
		{F7E2977F-9539-493F-98C6-CCDDF5D2E2B6}.Debug|x64.Build.0 = Debug|Any CPU
		{F7E2977F-9539-493F-98C6-CCDDF5D2E2B6}.Release|Any CPU.ActiveCfg = Release|Any CPU
		{F7E2977F-9539-493F-98C6-CCDDF5D2E2B6}.Release|Any CPU.Build.0 = Release|Any CPU
		{F7E2977F-9539-493F-98C6-CCDDF5D2E2B6}.Release|x64.ActiveCfg = Release|Any CPU
		{F7E2977F-9539-493F-98C6-CCDDF5D2E2B6}.Release|x64.Build.0 = Release|Any CPU
		{BD4C09CA-D85A-45FB-83F2-DCAC6984418F}.Debug|Any CPU.ActiveCfg = Debug|Any CPU
		{BD4C09CA-D85A-45FB-83F2-DCAC6984418F}.Debug|Any CPU.Build.0 = Debug|Any CPU
		{BD4C09CA-D85A-45FB-83F2-DCAC6984418F}.Debug|x64.ActiveCfg = Debug|x64
		{BD4C09CA-D85A-45FB-83F2-DCAC6984418F}.Debug|x64.Build.0 = Debug|x64
		{BD4C09CA-D85A-45FB-83F2-DCAC6984418F}.Release|Any CPU.ActiveCfg = Release|Any CPU
		{BD4C09CA-D85A-45FB-83F2-DCAC6984418F}.Release|Any CPU.Build.0 = Release|Any CPU
		{BD4C09CA-D85A-45FB-83F2-DCAC6984418F}.Release|x64.ActiveCfg = Release|x64
		{BD4C09CA-D85A-45FB-83F2-DCAC6984418F}.Release|x64.Build.0 = Release|x64
	EndGlobalSection
	GlobalSection(SolutionProperties) = preSolution
		HideSolutionNode = FALSE
	EndGlobalSection
	GlobalSection(ExtensibilityGlobals) = postSolution
		SolutionGuid = {2B6405F6-5276-4901-8F35-A4C21C05845C}
	EndGlobalSection
EndGlobal
